// !$*UTF8*$!
{
	archiveVersion = 1;
	classes = {
	};
	objectVersion = 46;
	objects = {

/* Begin PBXBuildFile section */
		5178558C1AEDD7CD0094F798 /* main.m in Sources */ = {isa = PBXBuildFile; fileRef = 5178558B1AEDD7CD0094F798 /* main.m */; };
		5178558F1AEDD7CD0094F798 /* AppDelegate.m in Sources */ = {isa = PBXBuildFile; fileRef = 5178558E1AEDD7CD0094F798 /* AppDelegate.m */; };
		517855921AEDD7CD0094F798 /* ViewController.m in Sources */ = {isa = PBXBuildFile; fileRef = 517855911AEDD7CD0094F798 /* ViewController.m */; };
		517855951AEDD7CD0094F798 /* Main.storyboard in Resources */ = {isa = PBXBuildFile; fileRef = 517855931AEDD7CD0094F798 /* Main.storyboard */; };
		517855971AEDD7CD0094F798 /* Images.xcassets in Resources */ = {isa = PBXBuildFile; fileRef = 517855961AEDD7CD0094F798 /* Images.xcassets */; };
		5178559A1AEDD7CD0094F798 /* LaunchScreen.xib in Resources */ = {isa = PBXBuildFile; fileRef = 517855981AEDD7CD0094F798 /* LaunchScreen.xib */; };
		517855A61AEDD7CD0094F798 /* MultiplyTestTests.m in Sources */ = {isa = PBXBuildFile; fileRef = 517855A51AEDD7CD0094F798 /* MultiplyTestTests.m */; };
		517855B11AEDDFF20094F798 /* MultiplyObject.m in Sources */ = {isa = PBXBuildFile; fileRef = 517855B01AEDDFF20094F798 /* MultiplyObject.m */; };
/* End PBXBuildFile section */

/* Begin PBXContainerItemProxy section */
		517855A01AEDD7CD0094F798 /* PBXContainerItemProxy */ = {
			isa = PBXContainerItemProxy;
			containerPortal = 5178557E1AEDD7CD0094F798 /* Project object */;
			proxyType = 1;
			remoteGlobalIDString = 517855851AEDD7CD0094F798;
			remoteInfo = MultiplyTest;
		};
/* End PBXContainerItemProxy section */

/* Begin PBXFileReference section */
		517855861AEDD7CD0094F798 /* MultiplyTest.app */ = {isa = PBXFileReference; explicitFileType = wrapper.application; includeInIndex = 0; path = MultiplyTest.app; sourceTree = BUILT_PRODUCTS_DIR; };
		5178558A1AEDD7CD0094F798 /* Info.plist */ = {isa = PBXFileReference; lastKnownFileType = text.plist.xml; path = Info.plist; sourceTree = "<group>"; };
		5178558B1AEDD7CD0094F798 /* main.m */ = {isa = PBXFileReference; lastKnownFileType = sourcecode.c.objc; path = main.m; sourceTree = "<group>"; };
		5178558D1AEDD7CD0094F798 /* AppDelegate.h */ = {isa = PBXFileReference; lastKnownFileType = sourcecode.c.h; path = AppDelegate.h; sourceTree = "<group>"; };
		5178558E1AEDD7CD0094F798 /* AppDelegate.m */ = {isa = PBXFileReference; lastKnownFileType = sourcecode.c.objc; path = AppDelegate.m; sourceTree = "<group>"; };
		517855901AEDD7CD0094F798 /* ViewController.h */ = {isa = PBXFileReference; lastKnownFileType = sourcecode.c.h; path = ViewController.h; sourceTree = "<group>"; };
		517855911AEDD7CD0094F798 /* ViewController.m */ = {isa = PBXFileReference; lastKnownFileType = sourcecode.c.objc; path = ViewController.m; sourceTree = "<group>"; };
		517855941AEDD7CD0094F798 /* Base */ = {isa = PBXFileReference; lastKnownFileType = file.storyboard; name = Base; path = Base.lproj/Main.storyboard; sourceTree = "<group>"; };
		517855961AEDD7CD0094F798 /* Images.xcassets */ = {isa = PBXFileReference; lastKnownFileType = folder.assetcatalog; path = Images.xcassets; sourceTree = "<group>"; };
		517855991AEDD7CD0094F798 /* Base */ = {isa = PBXFileReference; lastKnownFileType = file.xib; name = Base; path = Base.lproj/LaunchScreen.xib; sourceTree = "<group>"; };
		5178559F1AEDD7CD0094F798 /* MultiplyTestTests.xctest */ = {isa = PBXFileReference; explicitFileType = wrapper.cfbundle; includeInIndex = 0; path = MultiplyTestTests.xctest; sourceTree = BUILT_PRODUCTS_DIR; };
		517855A41AEDD7CD0094F798 /* Info.plist */ = {isa = PBXFileReference; lastKnownFileType = text.plist.xml; path = Info.plist; sourceTree = "<group>"; };
		517855A51AEDD7CD0094F798 /* MultiplyTestTests.m */ = {isa = PBXFileReference; lastKnownFileType = sourcecode.c.objc; path = MultiplyTestTests.m; sourceTree = "<group>"; };
		517855AF1AEDDFF20094F798 /* MultiplyObject.h */ = {isa = PBXFileReference; fileEncoding = 4; lastKnownFileType = sourcecode.c.h; path = MultiplyObject.h; sourceTree = "<group>"; };
		517855B01AEDDFF20094F798 /* MultiplyObject.m */ = {isa = PBXFileReference; fileEncoding = 4; lastKnownFileType = sourcecode.c.objc; path = MultiplyObject.m; sourceTree = "<group>"; };
/* End PBXFileReference section */

/* Begin PBXFrameworksBuildPhase section */
		517855831AEDD7CD0094F798 /* Frameworks */ = {
			isa = PBXFrameworksBuildPhase;
			buildActionMask = 2147483647;
			files = (
			);
			runOnlyForDeploymentPostprocessing = 0;
		};
		5178559C1AEDD7CD0094F798 /* Frameworks */ = {
			isa = PBXFrameworksBuildPhase;
			buildActionMask = 2147483647;
			files = (
			);
			runOnlyForDeploymentPostprocessing = 0;
		};
/* End PBXFrameworksBuildPhase section */

/* Begin PBXGroup section */
		5178557D1AEDD7CD0094F798 = {
			isa = PBXGroup;
			children = (
				517855881AEDD7CD0094F798 /* MultiplyTest */,
				517855A21AEDD7CD0094F798 /* MultiplyTestTests */,
				517855871AEDD7CD0094F798 /* Products */,
			);
			sourceTree = "<group>";
		};
		517855871AEDD7CD0094F798 /* Products */ = {
			isa = PBXGroup;
			children = (
				517855861AEDD7CD0094F798 /* MultiplyTest.app */,
				5178559F1AEDD7CD0094F798 /* MultiplyTestTests.xctest */,
			);
			name = Products;
			sourceTree = "<group>";
		};
		517855881AEDD7CD0094F798 /* MultiplyTest */ = {
			isa = PBXGroup;
			children = (
				5178558D1AEDD7CD0094F798 /* AppDelegate.h */,
				5178558E1AEDD7CD0094F798 /* AppDelegate.m */,
				517855901AEDD7CD0094F798 /* ViewController.h */,
				517855911AEDD7CD0094F798 /* ViewController.m */,
				517855931AEDD7CD0094F798 /* Main.storyboard */,
				517855961AEDD7CD0094F798 /* Images.xcassets */,
				517855981AEDD7CD0094F798 /* LaunchScreen.xib */,
				517855891AEDD7CD0094F798 /* Supporting Files */,
				517855AF1AEDDFF20094F798 /* MultiplyObject.h */,
				517855B01AEDDFF20094F798 /* MultiplyObject.m */,
			);
			path = MultiplyTest;
			sourceTree = "<group>";
		};
		517855891AEDD7CD0094F798 /* Supporting Files */ = {
			isa = PBXGroup;
			children = (
				5178558A1AEDD7CD0094F798 /* Info.plist */,
				5178558B1AEDD7CD0094F798 /* main.m */,
			);
			name = "Supporting Files";
			sourceTree = "<group>";
		};
		517855A21AEDD7CD0094F798 /* MultiplyTestTests */ = {
			isa = PBXGroup;
			children = (
				517855A51AEDD7CD0094F798 /* MultiplyTestTests.m */,
				517855A31AEDD7CD0094F798 /* Supporting Files */,
			);
			path = MultiplyTestTests;
			sourceTree = "<group>";
		};
		517855A31AEDD7CD0094F798 /* Supporting Files */ = {
			isa = PBXGroup;
			children = (
				517855A41AEDD7CD0094F798 /* Info.plist */,
			);
			name = "Supporting Files";
			sourceTree = "<group>";
		};
/* End PBXGroup section */

/* Begin PBXNativeTarget section */
		517855851AEDD7CD0094F798 /* MultiplyTest */ = {
			isa = PBXNativeTarget;
			buildConfigurationList = 517855A91AEDD7CD0094F798 /* Build configuration list for PBXNativeTarget "MultiplyTest" */;
			buildPhases = (
				517855821AEDD7CD0094F798 /* Sources */,
				517855831AEDD7CD0094F798 /* Frameworks */,
				517855841AEDD7CD0094F798 /* Resources */,
			);
			buildRules = (
			);
			dependencies = (
			);
			name = MultiplyTest;
			productName = MultiplyTest;
			productReference = 517855861AEDD7CD0094F798 /* MultiplyTest.app */;
			productType = "com.apple.product-type.application";
		};
		5178559E1AEDD7CD0094F798 /* MultiplyTestTests */ = {
			isa = PBXNativeTarget;
			buildConfigurationList = 517855AC1AEDD7CD0094F798 /* Build configuration list for PBXNativeTarget "MultiplyTestTests" */;
			buildPhases = (
				5178559B1AEDD7CD0094F798 /* Sources */,
				5178559C1AEDD7CD0094F798 /* Frameworks */,
				5178559D1AEDD7CD0094F798 /* Resources */,
			);
			buildRules = (
			);
			dependencies = (
				517855A11AEDD7CD0094F798 /* PBXTargetDependency */,
			);
			name = MultiplyTestTests;
			productName = MultiplyTestTests;
			productReference = 5178559F1AEDD7CD0094F798 /* MultiplyTestTests.xctest */;
			productType = "com.apple.product-type.bundle.unit-test";
		};
/* End PBXNativeTarget section */

/* Begin PBXProject section */
		5178557E1AEDD7CD0094F798 /* Project object */ = {
			isa = PBXProject;
			attributes = {
				LastUpgradeCheck = 0630;
				TargetAttributes = {
					517855851AEDD7CD0094F798 = {
						CreatedOnToolsVersion = 6.3;
					};
					5178559E1AEDD7CD0094F798 = {
						CreatedOnToolsVersion = 6.3;
						TestTargetID = 517855851AEDD7CD0094F798;
					};
				};
			};
			buildConfigurationList = 517855811AEDD7CD0094F798 /* Build configuration list for PBXProject "MultiplyTest" */;
			compatibilityVersion = "Xcode 3.2";
			developmentRegion = English;
			hasScannedForEncodings = 0;
			knownRegions = (
				en,
				Base,
			);
			mainGroup = 5178557D1AEDD7CD0094F798;
			productRefGroup = 517855871AEDD7CD0094F798 /* Products */;
			projectDirPath = "";
			projectRoot = "";
			targets = (
				517855851AEDD7CD0094F798 /* MultiplyTest */,
				5178559E1AEDD7CD0094F798 /* MultiplyTestTests */,
			);
		};
/* End PBXProject section */

/* Begin PBXResourcesBuildPhase section */
		517855841AEDD7CD0094F798 /* Resources */ = {
			isa = PBXResourcesBuildPhase;
			buildActionMask = 2147483647;
			files = (
				517855951AEDD7CD0094F798 /* Main.storyboard in Resources */,
				5178559A1AEDD7CD0094F798 /* LaunchScreen.xib in Resources */,
				517855971AEDD7CD0094F798 /* Images.xcassets in Resources */,
			);
			runOnlyForDeploymentPostprocessing = 0;
		};
		5178559D1AEDD7CD0094F798 /* Resources */ = {
			isa = PBXResourcesBuildPhase;
			buildActionMask = 2147483647;
			files = (
			);
			runOnlyForDeploymentPostprocessing = 0;
		};
/* End PBXResourcesBuildPhase section */

/* Begin PBXSourcesBuildPhase section */
		517855821AEDD7CD0094F798 /* Sources */ = {
			isa = PBXSourcesBuildPhase;
			buildActionMask = 2147483647;
			files = (
				517855921AEDD7CD0094F798 /* ViewController.m in Sources */,
				5178558F1AEDD7CD0094F798 /* AppDelegate.m in Sources */,
				517855B11AEDDFF20094F798 /* MultiplyObject.m in Sources */,
				5178558C1AEDD7CD0094F798 /* main.m in Sources */,
			);
			runOnlyForDeploymentPostprocessing = 0;
		};
		5178559B1AEDD7CD0094F798 /* Sources */ = {
			isa = PBXSourcesBuildPhase;
			buildActionMask = 2147483647;
			files = (
				517855A61AEDD7CD0094F798 /* MultiplyTestTests.m in Sources */,
			);
			runOnlyForDeploymentPostprocessing = 0;
		};
/* End PBXSourcesBuildPhase section */

/* Begin PBXTargetDependency section */
		517855A11AEDD7CD0094F798 /* PBXTargetDependency */ = {
			isa = PBXTargetDependency;
			target = 517855851AEDD7CD0094F798 /* MultiplyTest */;
			targetProxy = 517855A01AEDD7CD0094F798 /* PBXContainerItemProxy */;
		};
/* End PBXTargetDependency section */

/* Begin PBXVariantGroup section */
		517855931AEDD7CD0094F798 /* Main.storyboard */ = {
			isa = PBXVariantGroup;
			children = (
				517855941AEDD7CD0094F798 /* Base */,
			);
			name = Main.storyboard;
			sourceTree = "<group>";
		};
		517855981AEDD7CD0094F798 /* LaunchScreen.xib */ = {
			isa = PBXVariantGroup;
			children = (
				517855991AEDD7CD0094F798 /* Base */,
			);
			name = LaunchScreen.xib;
			sourceTree = "<group>";
		};
/* End PBXVariantGroup section */

/* Begin XCBuildConfiguration section */
		517855A71AEDD7CD0094F798 /* Debug */ = {
			isa = XCBuildConfiguration;
			buildSettings = {
				ALWAYS_SEARCH_USER_PATHS = NO;
				CLANG_CXX_LANGUAGE_STANDARD = "gnu++0x";
				CLANG_CXX_LIBRARY = "libc++";
				CLANG_ENABLE_MODULES = YES;
				CLANG_ENABLE_OBJC_ARC = YES;
				CLANG_WARN_BOOL_CONVERSION = YES;
				CLANG_WARN_CONSTANT_CONVERSION = YES;
				CLANG_WARN_DIRECT_OBJC_ISA_USAGE = YES_ERROR;
				CLANG_WARN_EMPTY_BODY = YES;
				CLANG_WARN_ENUM_CONVERSION = YES;
				CLANG_WARN_INT_CONVERSION = YES;
				CLANG_WARN_OBJC_ROOT_CLASS = YES_ERROR;
				CLANG_WARN_UNREACHABLE_CODE = YES;
				CLANG_WARN__DUPLICATE_METHOD_MATCH = YES;
				"CODE_SIGN_IDENTITY[sdk=iphoneos*]" = "iPhone Developer";
				COPY_PHASE_STRIP = NO;
				DEBUG_INFORMATION_FORMAT = "dwarf-with-dsym";
				ENABLE_STRICT_OBJC_MSGSEND = YES;
				GCC_C_LANGUAGE_STANDARD = gnu99;
				GCC_DYNAMIC_NO_PIC = NO;
				GCC_NO_COMMON_BLOCKS = YES;
				GCC_OPTIMIZATION_LEVEL = 0;
				GCC_PREPROCESSOR_DEFINITIONS = (
					"DEBUG=1",
					"$(inherited)",
				);
				GCC_SYMBOLS_PRIVATE_EXTERN = NO;
				GCC_WARN_64_TO_32_BIT_CONVERSION = YES;
				GCC_WARN_ABOUT_RETURN_TYPE = YES_ERROR;
				GCC_WARN_UNDECLARED_SELECTOR = YES;
				GCC_WARN_UNINITIALIZED_AUTOS = YES_AGGRESSIVE;
				GCC_WARN_UNUSED_FUNCTION = YES;
				GCC_WARN_UNUSED_VARIABLE = YES;
				IPHONEOS_DEPLOYMENT_TARGET = 8.3;
				MTL_ENABLE_DEBUG_INFO = YES;
				ONLY_ACTIVE_ARCH = YES;
				SDKROOT = iphoneos;
			};
			name = Debug;
		};
		517855A81AEDD7CD0094F798 /* Release */ = {
			isa = XCBuildConfiguration;
			buildSettings = {
				ALWAYS_SEARCH_USER_PATHS = NO;
				CLANG_CXX_LANGUAGE_STANDARD = "gnu++0x";
				CLANG_CXX_LIBRARY = "libc++";
				CLANG_ENABLE_MODULES = YES;
				CLANG_ENABLE_OBJC_ARC = YES;
				CLANG_WARN_BOOL_CONVERSION = YES;
				CLANG_WARN_CONSTANT_CONVERSION = YES;
				CLANG_WARN_DIRECT_OBJC_ISA_USAGE = YES_ERROR;
				CLANG_WARN_EMPTY_BODY = YES;
				CLANG_WARN_ENUM_CONVERSION = YES;
				CLANG_WARN_INT_CONVERSION = YES;
				CLANG_WARN_OBJC_ROOT_CLASS = YES_ERROR;
				CLANG_WARN_UNREACHABLE_CODE = YES;
				CLANG_WARN__DUPLICATE_METHOD_MATCH = YES;
				"CODE_SIGN_IDENTITY[sdk=iphoneos*]" = "iPhone Developer";
				COPY_PHASE_STRIP = NO;
				DEBUG_INFORMATION_FORMAT = "dwarf-with-dsym";
				ENABLE_NS_ASSERTIONS = NO;
				ENABLE_STRICT_OBJC_MSGSEND = YES;
				GCC_C_LANGUAGE_STANDARD = gnu99;
				GCC_NO_COMMON_BLOCKS = YES;
				GCC_WARN_64_TO_32_BIT_CONVERSION = YES;
				GCC_WARN_ABOUT_RETURN_TYPE = YES_ERROR;
				GCC_WARN_UNDECLARED_SELECTOR = YES;
				GCC_WARN_UNINITIALIZED_AUTOS = YES_AGGRESSIVE;
				GCC_WARN_UNUSED_FUNCTION = YES;
				GCC_WARN_UNUSED_VARIABLE = YES;
				IPHONEOS_DEPLOYMENT_TARGET = 8.3;
				MTL_ENABLE_DEBUG_INFO = NO;
				SDKROOT = iphoneos;
				VALIDATE_PRODUCT = YES;
			};
			name = Release;
		};
		517855AA1AEDD7CD0094F798 /* Debug */ = {
			isa = XCBuildConfiguration;
			buildSettings = {
				ASSETCATALOG_COMPILER_APPICON_NAME = AppIcon;
				INFOPLIST_FILE = MultiplyTest/Info.plist;
				LD_RUNPATH_SEARCH_PATHS = "$(inherited) @executable_path/Frameworks";
				PRODUCT_NAME = "$(TARGET_NAME)";
			};
			name = Debug;
		};
		517855AB1AEDD7CD0094F798 /* Release */ = {
			isa = XCBuildConfiguration;
			buildSettings = {
				ASSETCATALOG_COMPILER_APPICON_NAME = AppIcon;
				INFOPLIST_FILE = MultiplyTest/Info.plist;
				LD_RUNPATH_SEARCH_PATHS = "$(inherited) @executable_path/Frameworks";
				PRODUCT_NAME = "$(TARGET_NAME)";
			};
			name = Release;
		};
		517855AD1AEDD7CD0094F798 /* Debug */ = {
			isa = XCBuildConfiguration;
			buildSettings = {
				BUNDLE_LOADER = "$(TEST_HOST)";
				FRAMEWORK_SEARCH_PATHS = (
					"$(SDKROOT)/Developer/Library/Frameworks",
					"$(inherited)",
				);
				GCC_PREPROCESSOR_DEFINITIONS = (
					"DEBUG=1",
					"$(inherited)",
				);
				INFOPLIST_FILE = MultiplyTestTests/Info.plist;
				LD_RUNPATH_SEARCH_PATHS = "$(inherited) @executable_path/Frameworks @loader_path/Frameworks";
				PRODUCT_NAME = "$(TARGET_NAME)";
				TEST_HOST = "$(BUILT_PRODUCTS_DIR)/MultiplyTest.app/MultiplyTest";
			};
			name = Debug;
		};
		517855AE1AEDD7CD0094F798 /* Release */ = {
			isa = XCBuildConfiguration;
			buildSettings = {
				BUNDLE_LOADER = "$(TEST_HOST)";
				FRAMEWORK_SEARCH_PATHS = (
					"$(SDKROOT)/Developer/Library/Frameworks",
					"$(inherited)",
				);
				INFOPLIST_FILE = MultiplyTestTests/Info.plist;
				LD_RUNPATH_SEARCH_PATHS = "$(inherited) @executable_path/Frameworks @loader_path/Frameworks";
				PRODUCT_NAME = "$(TARGET_NAME)";
				TEST_HOST = "$(BUILT_PRODUCTS_DIR)/MultiplyTest.app/MultiplyTest";
			};
			name = Release;
		};
/* End XCBuildConfiguration section */

/* Begin XCConfigurationList section */
		517855811AEDD7CD0094F798 /* Build configuration list for PBXProject "MultiplyTest" */ = {
			isa = XCConfigurationList;
			buildConfigurations = (
				517855A71AEDD7CD0094F798 /* Debug */,
				517855A81AEDD7CD0094F798 /* Release */,
			);
			defaultConfigurationIsVisible = 0;
			defaultConfigurationName = Release;
		};
		517855A91AEDD7CD0094F798 /* Build configuration list for PBXNativeTarget "MultiplyTest" */ = {
			isa = XCConfigurationList;
			buildConfigurations = (
				517855AA1AEDD7CD0094F798 /* Debug */,
				517855AB1AEDD7CD0094F798 /* Release */,
			);
			defaultConfigurationIsVisible = 0;
		};
		517855AC1AEDD7CD0094F798 /* Build configuration list for PBXNativeTarget "MultiplyTestTests" */ = {
			isa = XCConfigurationList;
			buildConfigurations = (
				517855AD1AEDD7CD0094F798 /* Debug */,
				517855AE1AEDD7CD0094F798 /* Release */,
			);
			defaultConfigurationIsVisible = 0;
		};
/* End XCConfigurationList section */
	};
	rootObject = 5178557E1AEDD7CD0094F798 /* Project object */;
}
